
Microsoft Visual Studio Solution File, Format Version 12.00
# Visual Studio Version 17
VisualStudioVersion = 17.2.32505.173
MinimumVisualStudioVersion = 10.0.40219.1
Project("{8BC9CEB8-8B4A-11D0-8D11-00A0C91BC942}") = "Zmeika", "Zmeika\Zmeika.vcxproj", "{DBB75FCA-310B-4875-860D-8DA5B776FF5A}"
EndProject
Project("{8BC9CEB8-8B4A-11D0-8D11-00A0C91BC942}") = "TestProject", "TestProject\TestProject.vcxproj", "{99AF8511-42A5-4B80-A322-527C9ED5A962}"
EndProject
Global
	GlobalSection(SolutionConfigurationPlatforms) = preSolution
		Debug|x64 = Debug|x64
		Debug|x86 = Debug|x86
		Release|x64 = Release|x64
		Release|x86 = Release|x86
	EndGlobalSection
	GlobalSection(ProjectConfigurationPlatforms) = postSolution
		{DBB75FCA-310B-4875-860D-8DA5B776FF5A}.Debug|x64.ActiveCfg = Debug|x64
		{DBB75FCA-310B-4875-860D-8DA5B776FF5A}.Debug|x64.Build.0 = Debug|x64
		{DBB75FCA-310B-4875-860D-8DA5B776FF5A}.Debug|x86.ActiveCfg = Debug|Win32
		{DBB75FCA-310B-4875-860D-8DA5B776FF5A}.Debug|x86.Build.0 = Debug|Win32
		{DBB75FCA-310B-4875-860D-8DA5B776FF5A}.Release|x64.ActiveCfg = Release|x64
		{DBB75FCA-310B-4875-860D-8DA5B776FF5A}.Release|x64.Build.0 = Release|x64
		{DBB75FCA-310B-4875-860D-8DA5B776FF5A}.Release|x86.ActiveCfg = Release|Win32
		{DBB75FCA-310B-4875-860D-8DA5B776FF5A}.Release|x86.Build.0 = Release|Win32
		{99AF8511-42A5-4B80-A322-527C9ED5A962}.Debug|x64.ActiveCfg = Debug|x64
		{99AF8511-42A5-4B80-A322-527C9ED5A962}.Debug|x64.Build.0 = Debug|x64
		{99AF8511-42A5-4B80-A322-527C9ED5A962}.Debug|x86.ActiveCfg = Debug|Win32
		{99AF8511-42A5-4B80-A322-527C9ED5A962}.Debug|x86.Build.0 = Debug|Win32
		{99AF8511-42A5-4B80-A322-527C9ED5A962}.Release|x64.ActiveCfg = Release|x64
		{99AF8511-42A5-4B80-A322-527C9ED5A962}.Release|x64.Build.0 = Release|x64
		{99AF8511-42A5-4B80-A322-527C9ED5A962}.Release|x86.ActiveCfg = Release|Win32
		{99AF8511-42A5-4B80-A322-527C9ED5A962}.Release|x86.Build.0 = Release|Win32
	EndGlobalSection
	GlobalSection(SolutionProperties) = preSolution
		HideSolutionNode = FALSE
	EndGlobalSection
	GlobalSection(ExtensibilityGlobals) = postSolution
		SolutionGuid = {49ADD4F7-F934-4E2B-9392-9748472FEEEA}
	EndGlobalSection
EndGlobal
